
Microsoft Visual Studio Solution File, Format Version 12.00
# Visual Studio Version 17
VisualStudioVersion = 17.12.35707.178 d17.12
MinimumVisualStudioVersion = 10.0.40219.1
Project("{FAE04EC0-301F-11D3-BF4B-00C04F79EFBC}") = "Clinic.Api", "Clinic.Api\Clinic.Api.csproj", "{9CDA53AF-C02A-4607-B749-FB650A9F935C}"
EndProject
Project("{FAE04EC0-301F-11D3-BF4B-00C04F79EFBC}") = "Clinic.Domain", "Clinic.Domain\Clinic.Domain.csproj", "{51E31120-ADC8-404F-A7BB-626DBAB8BF21}"
EndProject
Project("{FAE04EC0-301F-11D3-BF4B-00C04F79EFBC}") = "Clinic.Services", "Clinic.Services\Clinic.Services.csproj", "{3D7F72BF-F238-4311-8093-1037D59DF1F5}"
EndProject
Project("{FAE04EC0-301F-11D3-BF4B-00C04F79EFBC}") = "Clinic.Infrastructure", "Clinic.Infrastructure\Clinic.Infrastructure.csproj", "{749DA2C5-0ADE-420D-AA51-4388CA7CEC9E}"
EndProject
Global
	GlobalSection(SolutionConfigurationPlatforms) = preSolution
		Debug|Any CPU = Debug|Any CPU
		Release|Any CPU = Release|Any CPU
	EndGlobalSection
	GlobalSection(ProjectConfigurationPlatforms) = postSolution
		{9CDA53AF-C02A-4607-B749-FB650A9F935C}.Debug|Any CPU.ActiveCfg = Debug|Any CPU
		{9CDA53AF-C02A-4607-B749-FB650A9F935C}.Debug|Any CPU.Build.0 = Debug|Any CPU
		{9CDA53AF-C02A-4607-B749-FB650A9F935C}.Release|Any CPU.ActiveCfg = Release|Any CPU
		{9CDA53AF-C02A-4607-B749-FB650A9F935C}.Release|Any CPU.Build.0 = Release|Any CPU
		{51E31120-ADC8-404F-A7BB-626DBAB8BF21}.Debug|Any CPU.ActiveCfg = Debug|Any CPU
		{51E31120-ADC8-404F-A7BB-626DBAB8BF21}.Debug|Any CPU.Build.0 = Debug|Any CPU
		{51E31120-ADC8-404F-A7BB-626DBAB8BF21}.Release|Any CPU.ActiveCfg = Release|Any CPU
		{51E31120-ADC8-404F-A7BB-626DBAB8BF21}.Release|Any CPU.Build.0 = Release|Any CPU
		{3D7F72BF-F238-4311-8093-1037D59DF1F5}.Debug|Any CPU.ActiveCfg = Debug|Any CPU
		{3D7F72BF-F238-4311-8093-1037D59DF1F5}.Debug|Any CPU.Build.0 = Debug|Any CPU
		{3D7F72BF-F238-4311-8093-1037D59DF1F5}.Release|Any CPU.ActiveCfg = Release|Any CPU
		{3D7F72BF-F238-4311-8093-1037D59DF1F5}.Release|Any CPU.Build.0 = Release|Any CPU
		{749DA2C5-0ADE-420D-AA51-4388CA7CEC9E}.Debug|Any CPU.ActiveCfg = Debug|Any CPU
		{749DA2C5-0ADE-420D-AA51-4388CA7CEC9E}.Debug|Any CPU.Build.0 = Debug|Any CPU
		{749DA2C5-0ADE-420D-AA51-4388CA7CEC9E}.Release|Any CPU.ActiveCfg = Release|Any CPU
		{749DA2C5-0ADE-420D-AA51-4388CA7CEC9E}.Release|Any CPU.Build.0 = Release|Any CPU
	EndGlobalSection
	GlobalSection(SolutionProperties) = preSolution
		HideSolutionNode = FALSE
	EndGlobalSection
EndGlobal
